// !$*UTF8*$!
{
	archiveVersion = 1;
	classes = {
	};
	objectVersion = 46;
	objects = {

/* Begin PBXBuildFile section */
		89559DC51B6927D00010C390 /* main.m in Sources */ = {isa = PBXBuildFile; fileRef = 89559DC41B6927D00010C390 /* main.m */; };
		89559DC81B6927D00010C390 /* AppDelegate.m in Sources */ = {isa = PBXBuildFile; fileRef = 89559DC71B6927D00010C390 /* AppDelegate.m */; };
		89559DCB1B6927D00010C390 /* ViewController.m in Sources */ = {isa = PBXBuildFile; fileRef = 89559DCA1B6927D00010C390 /* ViewController.m */; };
		89559DCE1B6927D00010C390 /* Main.storyboard in Resources */ = {isa = PBXBuildFile; fileRef = 89559DCC1B6927D00010C390 /* Main.storyboard */; };
		89559DD01B6927D00010C390 /* Images.xcassets in Resources */ = {isa = PBXBuildFile; fileRef = 89559DCF1B6927D00010C390 /* Images.xcassets */; };
		89559DD31B6927D00010C390 /* LaunchScreen.xib in Resources */ = {isa = PBXBuildFile; fileRef = 89559DD11B6927D00010C390 /* LaunchScreen.xib */; };
		89559DDF1B6927D10010C390 /* test1Tests.m in Sources */ = {isa = PBXBuildFile; fileRef = 89559DDE1B6927D10010C390 /* test1Tests.m */; };
/* End PBXBuildFile section */

/* Begin PBXContainerItemProxy section */
		89559DD91B6927D10010C390 /* PBXContainerItemProxy */ = {
			isa = PBXContainerItemProxy;
			containerPortal = 89559DB71B6927D00010C390 /* Project object */;
			proxyType = 1;
			remoteGlobalIDString = 89559DBE1B6927D00010C390;
			remoteInfo = test1;
		};
/* End PBXContainerItemProxy section */

/* Begin PBXFileReference section */
		89559DBF1B6927D00010C390 /* test1.app */ = {isa = PBXFileReference; explicitFileType = wrapper.application; includeInIndex = 0; path = test1.app; sourceTree = BUILT_PRODUCTS_DIR; };
		89559DC31B6927D00010C390 /* Info.plist */ = {isa = PBXFileReference; lastKnownFileType = text.plist.xml; path = Info.plist; sourceTree = "<group>"; };
		89559DC41B6927D00010C390 /* main.m */ = {isa = PBXFileReference; lastKnownFileType = sourcecode.c.objc; path = main.m; sourceTree = "<group>"; };
		89559DC61B6927D00010C390 /* AppDelegate.h */ = {isa = PBXFileReference; lastKnownFileType = sourcecode.c.h; path = AppDelegate.h; sourceTree = "<group>"; };
		89559DC71B6927D00010C390 /* AppDelegate.m */ = {isa = PBXFileReference; lastKnownFileType = sourcecode.c.objc; path = AppDelegate.m; sourceTree = "<group>"; };
		89559DC91B6927D00010C390 /* ViewController.h */ = {isa = PBXFileReference; lastKnownFileType = sourcecode.c.h; path = ViewController.h; sourceTree = "<group>"; };
		89559DCA1B6927D00010C390 /* ViewController.m */ = {isa = PBXFileReference; lastKnownFileType = sourcecode.c.objc; path = ViewController.m; sourceTree = "<group>"; };
		89559DCD1B6927D00010C390 /* Base */ = {isa = PBXFileReference; lastKnownFileType = file.storyboard; name = Base; path = Base.lproj/Main.storyboard; sourceTree = "<group>"; };
		89559DCF1B6927D00010C390 /* Images.xcassets */ = {isa = PBXFileReference; lastKnownFileType = folder.assetcatalog; path = Images.xcassets; sourceTree = "<group>"; };
		89559DD21B6927D00010C390 /* Base */ = {isa = PBXFileReference; lastKnownFileType = file.xib; name = Base; path = Base.lproj/LaunchScreen.xib; sourceTree = "<group>"; };
		89559DD81B6927D10010C390 /* test1Tests.xctest */ = {isa = PBXFileReference; explicitFileType = wrapper.cfbundle; includeInIndex = 0; path = test1Tests.xctest; sourceTree = BUILT_PRODUCTS_DIR; };
		89559DDD1B6927D10010C390 /* Info.plist */ = {isa = PBXFileReference; lastKnownFileType = text.plist.xml; path = Info.plist; sourceTree = "<group>"; };
		89559DDE1B6927D10010C390 /* test1Tests.m */ = {isa = PBXFileReference; lastKnownFileType = sourcecode.c.objc; path = test1Tests.m; sourceTree = "<group>"; };
/* End PBXFileReference section */

/* Begin PBXFrameworksBuildPhase section */
		89559DBC1B6927D00010C390 /* Frameworks */ = {
			isa = PBXFrameworksBuildPhase;
			buildActionMask = 2147483647;
			files = (
			);
			runOnlyForDeploymentPostprocessing = 0;
		};
		89559DD51B6927D10010C390 /* Frameworks */ = {
			isa = PBXFrameworksBuildPhase;
			buildActionMask = 2147483647;
			files = (
			);
			runOnlyForDeploymentPostprocessing = 0;
		};
/* End PBXFrameworksBuildPhase section */

/* Begin PBXGroup section */
		89559DB61B6927D00010C390 = {
			isa = PBXGroup;
			children = (
				89559DC11B6927D00010C390 /* test1 */,
				89559DDB1B6927D10010C390 /* test1Tests */,
				89559DC01B6927D00010C390 /* Products */,
			);
			sourceTree = "<group>";
		};
		89559DC01B6927D00010C390 /* Products */ = {
			isa = PBXGroup;
			children = (
				89559DBF1B6927D00010C390 /* test1.app */,
				89559DD81B6927D10010C390 /* test1Tests.xctest */,
			);
			name = Products;
			sourceTree = "<group>";
		};
		89559DC11B6927D00010C390 /* test1 */ = {
			isa = PBXGroup;
			children = (
				89559DC61B6927D00010C390 /* AppDelegate.h */,
				89559DC71B6927D00010C390 /* AppDelegate.m */,
				89559DC91B6927D00010C390 /* ViewController.h */,
				89559DCA1B6927D00010C390 /* ViewController.m */,
				89559DCC1B6927D00010C390 /* Main.storyboard */,
				89559DCF1B6927D00010C390 /* Images.xcassets */,
				89559DD11B6927D00010C390 /* LaunchScreen.xib */,
				89559DC21B6927D00010C390 /* Supporting Files */,
			);
			path = test1;
			sourceTree = "<group>";
		};
		89559DC21B6927D00010C390 /* Supporting Files */ = {
			isa = PBXGroup;
			children = (
				89559DC31B6927D00010C390 /* Info.plist */,
				89559DC41B6927D00010C390 /* main.m */,
			);
			name = "Supporting Files";
			sourceTree = "<group>";
		};
		89559DDB1B6927D10010C390 /* test1Tests */ = {
			isa = PBXGroup;
			children = (
				89559DDE1B6927D10010C390 /* test1Tests.m */,
				89559DDC1B6927D10010C390 /* Supporting Files */,
			);
			path = test1Tests;
			sourceTree = "<group>";
		};
		89559DDC1B6927D10010C390 /* Supporting Files */ = {
			isa = PBXGroup;
			children = (
				89559DDD1B6927D10010C390 /* Info.plist */,
			);
			name = "Supporting Files";
			sourceTree = "<group>";
		};
/* End PBXGroup section */

/* Begin PBXNativeTarget section */
		89559DBE1B6927D00010C390 /* test1 */ = {
			isa = PBXNativeTarget;
			buildConfigurationList = 89559DE21B6927D10010C390 /* Build configuration list for PBXNativeTarget "test1" */;
			buildPhases = (
				89559DBB1B6927D00010C390 /* Sources */,
				89559DBC1B6927D00010C390 /* Frameworks */,
				89559DBD1B6927D00010C390 /* Resources */,
			);
			buildRules = (
			);
			dependencies = (
			);
			name = test1;
			productName = test1;
			productReference = 89559DBF1B6927D00010C390 /* test1.app */;
			productType = "com.apple.product-type.application";
		};
		89559DD71B6927D10010C390 /* test1Tests */ = {
			isa = PBXNativeTarget;
			buildConfigurationList = 89559DE51B6927D10010C390 /* Build configuration list for PBXNativeTarget "test1Tests" */;
			buildPhases = (
				89559DD41B6927D10010C390 /* Sources */,
				89559DD51B6927D10010C390 /* Frameworks */,
				89559DD61B6927D10010C390 /* Resources */,
			);
			buildRules = (
			);
			dependencies = (
				89559DDA1B6927D10010C390 /* PBXTargetDependency */,
			);
			name = test1Tests;
			productName = test1Tests;
			productReference = 89559DD81B6927D10010C390 /* test1Tests.xctest */;
			productType = "com.apple.product-type.bundle.unit-test";
		};
/* End PBXNativeTarget section */

/* Begin PBXProject section */
		89559DB71B6927D00010C390 /* Project object */ = {
			isa = PBXProject;
			attributes = {
				LastUpgradeCheck = 0630;
				ORGANIZATIONNAME = "system ";
				TargetAttributes = {
					89559DBE1B6927D00010C390 = {
						CreatedOnToolsVersion = 6.3;
					};
					89559DD71B6927D10010C390 = {
						CreatedOnToolsVersion = 6.3;
						TestTargetID = 89559DBE1B6927D00010C390;
					};
				};
			};
			buildConfigurationList = 89559DBA1B6927D00010C390 /* Build configuration list for PBXProject "test1" */;
			compatibilityVersion = "Xcode 3.2";
			developmentRegion = English;
			hasScannedForEncodings = 0;
			knownRegions = (
				en,
				Base,
			);
			mainGroup = 89559DB61B6927D00010C390;
			productRefGroup = 89559DC01B6927D00010C390 /* Products */;
			projectDirPath = "";
			projectRoot = "";
			targets = (
				89559DBE1B6927D00010C390 /* test1 */,
				89559DD71B6927D10010C390 /* test1Tests */,
			);
		};
/* End PBXProject section */

/* Begin PBXResourcesBuildPhase section */
		89559DBD1B6927D00010C390 /* Resources */ = {
			isa = PBXResourcesBuildPhase;
			buildActionMask = 2147483647;
			files = (
				89559DCE1B6927D00010C390 /* Main.storyboard in Resources */,
				89559DD31B6927D00010C390 /* LaunchScreen.xib in Resources */,
				89559DD01B6927D00010C390 /* Images.xcassets in Resources */,
			);
			runOnlyForDeploymentPostprocessing = 0;
		};
		89559DD61B6927D10010C390 /* Resources */ = {
			isa = PBXResourcesBuildPhase;
			buildActionMask = 2147483647;
			files = (
			);
			runOnlyForDeploymentPostprocessing = 0;
		};
/* End PBXResourcesBuildPhase section */

/* Begin PBXSourcesBuildPhase section */
		89559DBB1B6927D00010C390 /* Sources */ = {
			isa = PBXSourcesBuildPhase;
			buildActionMask = 2147483647;
			files = (
				89559DCB1B6927D00010C390 /* ViewController.m in Sources */,
				89559DC81B6927D00010C390 /* AppDelegate.m in Sources */,
				89559DC51B6927D00010C390 /* main.m in Sources */,
			);
			runOnlyForDeploymentPostprocessing = 0;
		};
		89559DD41B6927D10010C390 /* Sources */ = {
			isa = PBXSourcesBuildPhase;
			buildActionMask = 2147483647;
			files = (
				89559DDF1B6927D10010C390 /* test1Tests.m in Sources */,
			);
			runOnlyForDeploymentPostprocessing = 0;
		};
/* End PBXSourcesBuildPhase section */

/* Begin PBXTargetDependency section */
		89559DDA1B6927D10010C390 /* PBXTargetDependency */ = {
			isa = PBXTargetDependency;
			target = 89559DBE1B6927D00010C390 /* test1 */;
			targetProxy = 89559DD91B6927D10010C390 /* PBXContainerItemProxy */;
		};
/* End PBXTargetDependency section */

/* Begin PBXVariantGroup section */
		89559DCC1B6927D00010C390 /* Main.storyboard */ = {
			isa = PBXVariantGroup;
			children = (
				89559DCD1B6927D00010C390 /* Base */,
			);
			name = Main.storyboard;
			sourceTree = "<group>";
		};
		89559DD11B6927D00010C390 /* LaunchScreen.xib */ = {
			isa = PBXVariantGroup;
			children = (
				89559DD21B6927D00010C390 /* Base */,
			);
			name = LaunchScreen.xib;
			sourceTree = "<group>";
		};
/* End PBXVariantGroup section */

/* Begin XCBuildConfiguration section */
		89559DE01B6927D10010C390 /* Debug */ = {
			isa = XCBuildConfiguration;
			buildSettings = {
				ALWAYS_SEARCH_USER_PATHS = NO;
				CLANG_CXX_LANGUAGE_STANDARD = "gnu++0x";
				CLANG_CXX_LIBRARY = "libc++";
				CLANG_ENABLE_MODULES = YES;
				CLANG_ENABLE_OBJC_ARC = YES;
				CLANG_WARN_BOOL_CONVERSION = YES;
				CLANG_WARN_CONSTANT_CONVERSION = YES;
				CLANG_WARN_DIRECT_OBJC_ISA_USAGE = YES_ERROR;
				CLANG_WARN_EMPTY_BODY = YES;
				CLANG_WARN_ENUM_CONVERSION = YES;
				CLANG_WARN_INT_CONVERSION = YES;
				CLANG_WARN_OBJC_ROOT_CLASS = YES_ERROR;
				CLANG_WARN_UNREACHABLE_CODE = YES;
				CLANG_WARN__DUPLICATE_METHOD_MATCH = YES;
				"CODE_SIGN_IDENTITY[sdk=iphoneos*]" = "iPhone Developer";
				COPY_PHASE_STRIP = NO;
				DEBUG_INFORMATION_FORMAT = "dwarf-with-dsym";
				ENABLE_STRICT_OBJC_MSGSEND = YES;
				GCC_C_LANGUAGE_STANDARD = gnu99;
				GCC_DYNAMIC_NO_PIC = NO;
				GCC_NO_COMMON_BLOCKS = YES;
				GCC_OPTIMIZATION_LEVEL = 0;
				GCC_PREPROCESSOR_DEFINITIONS = (
					"DEBUG=1",
					"$(inherited)",
				);
				GCC_SYMBOLS_PRIVATE_EXTERN = NO;
				GCC_WARN_64_TO_32_BIT_CONVERSION = YES;
				GCC_WARN_ABOUT_RETURN_TYPE = YES_ERROR;
				GCC_WARN_UNDECLARED_SELECTOR = YES;
				GCC_WARN_UNINITIALIZED_AUTOS = YES_AGGRESSIVE;
				GCC_WARN_UNUSED_FUNCTION = YES;
				GCC_WARN_UNUSED_VARIABLE = YES;
				IPHONEOS_DEPLOYMENT_TARGET = 8.3;
				MTL_ENABLE_DEBUG_INFO = YES;
				ONLY_ACTIVE_ARCH = YES;
				SDKROOT = iphoneos;
			};
			name = Debug;
		};
		89559DE11B6927D10010C390 /* Release */ = {
			isa = XCBuildConfiguration;
			buildSettings = {
				ALWAYS_SEARCH_USER_PATHS = NO;
				CLANG_CXX_LANGUAGE_STANDARD = "gnu++0x";
				CLANG_CXX_LIBRARY = "libc++";
				CLANG_ENABLE_MODULES = YES;
				CLANG_ENABLE_OBJC_ARC = YES;
				CLANG_WARN_BOOL_CONVERSION = YES;
				CLANG_WARN_CONSTANT_CONVERSION = YES;
				CLANG_WARN_DIRECT_OBJC_ISA_USAGE = YES_ERROR;
				CLANG_WARN_EMPTY_BODY = YES;
				CLANG_WARN_ENUM_CONVERSION = YES;
				CLANG_WARN_INT_CONVERSION = YES;
				CLANG_WARN_OBJC_ROOT_CLASS = YES_ERROR;
				CLANG_WARN_UNREACHABLE_CODE = YES;
				CLANG_WARN__DUPLICATE_METHOD_MATCH = YES;
				"CODE_SIGN_IDENTITY[sdk=iphoneos*]" = "iPhone Developer";
				COPY_PHASE_STRIP = NO;
				DEBUG_INFORMATION_FORMAT = "dwarf-with-dsym";
				ENABLE_NS_ASSERTIONS = NO;
				ENABLE_STRICT_OBJC_MSGSEND = YES;
				GCC_C_LANGUAGE_STANDARD = gnu99;
				GCC_NO_COMMON_BLOCKS = YES;
				GCC_WARN_64_TO_32_BIT_CONVERSION = YES;
				GCC_WARN_ABOUT_RETURN_TYPE = YES_ERROR;
				GCC_WARN_UNDECLARED_SELECTOR = YES;
				GCC_WARN_UNINITIALIZED_AUTOS = YES_AGGRESSIVE;
				GCC_WARN_UNUSED_FUNCTION = YES;
				GCC_WARN_UNUSED_VARIABLE = YES;
				IPHONEOS_DEPLOYMENT_TARGET = 8.3;
				MTL_ENABLE_DEBUG_INFO = NO;
				SDKROOT = iphoneos;
				VALIDATE_PRODUCT = YES;
			};
			name = Release;
		};
		89559DE31B6927D10010C390 /* Debug */ = {
			isa = XCBuildConfiguration;
			buildSettings = {
				ASSETCATALOG_COMPILER_APPICON_NAME = AppIcon;
				INFOPLIST_FILE = test1/Info.plist;
				LD_RUNPATH_SEARCH_PATHS = "$(inherited) @executable_path/Frameworks";
				PRODUCT_NAME = "$(TARGET_NAME)";
			};
			name = Debug;
		};
		89559DE41B6927D10010C390 /* Release */ = {
			isa = XCBuildConfiguration;
			buildSettings = {
				ASSETCATALOG_COMPILER_APPICON_NAME = AppIcon;
				INFOPLIST_FILE = test1/Info.plist;
				LD_RUNPATH_SEARCH_PATHS = "$(inherited) @executable_path/Frameworks";
				PRODUCT_NAME = "$(TARGET_NAME)";
			};
			name = Release;
		};
		89559DE61B6927D10010C390 /* Debug */ = {
			isa = XCBuildConfiguration;
			buildSettings = {
				BUNDLE_LOADER = "$(TEST_HOST)";
				FRAMEWORK_SEARCH_PATHS = (
					"$(SDKROOT)/Developer/Library/Frameworks",
					"$(inherited)",
				);
				GCC_PREPROCESSOR_DEFINITIONS = (
					"DEBUG=1",
					"$(inherited)",
				);
				INFOPLIST_FILE = test1Tests/Info.plist;
				LD_RUNPATH_SEARCH_PATHS = "$(inherited) @executable_path/Frameworks @loader_path/Frameworks";
				PRODUCT_NAME = "$(TARGET_NAME)";
				TEST_HOST = "$(BUILT_PRODUCTS_DIR)/test1.app/test1";
			};
			name = Debug;
		};
		89559DE71B6927D10010C390 /* Release */ = {
			isa = XCBuildConfiguration;
			buildSettings = {
				BUNDLE_LOADER = "$(TEST_HOST)";
				FRAMEWORK_SEARCH_PATHS = (
					"$(SDKROOT)/Developer/Library/Frameworks",
					"$(inherited)",
				);
				INFOPLIST_FILE = test1Tests/Info.plist;
				LD_RUNPATH_SEARCH_PATHS = "$(inherited) @executable_path/Frameworks @loader_path/Frameworks";
				PRODUCT_NAME = "$(TARGET_NAME)";
				TEST_HOST = "$(BUILT_PRODUCTS_DIR)/test1.app/test1";
			};
			name = Release;
		};
/* End XCBuildConfiguration section */

/* Begin XCConfigurationList section */
		89559DBA1B6927D00010C390 /* Build configuration list for PBXProject "test1" */ = {
			isa = XCConfigurationList;
			buildConfigurations = (
				89559DE01B6927D10010C390 /* Debug */,
				89559DE11B6927D10010C390 /* Release */,
			);
			defaultConfigurationIsVisible = 0;
			defaultConfigurationName = Release;
		};
		89559DE21B6927D10010C390 /* Build configuration list for PBXNativeTarget "test1" */ = {
			isa = XCConfigurationList;
			buildConfigurations = (
				89559DE31B6927D10010C390 /* Debug */,
				89559DE41B6927D10010C390 /* Release */,
			);
			defaultConfigurationIsVisible = 0;
		};
		89559DE51B6927D10010C390 /* Build configuration list for PBXNativeTarget "test1Tests" */ = {
			isa = XCConfigurationList;
			buildConfigurations = (
				89559DE61B6927D10010C390 /* Debug */,
				89559DE71B6927D10010C390 /* Release */,
			);
			defaultConfigurationIsVisible = 0;
		};
/* End XCConfigurationList section */
	};
	rootObject = 89559DB71B6927D00010C390 /* Project object */;
}
